
Microsoft Visual Studio Solution File, Format Version 11.00
# Visual Studio 2010
Project("{FAE04EC0-301F-11D3-BF4B-00C04F79EFBC}") = "Assembly-CSharp", "Assembly-CSharp.csproj", "{77C1CFC4-8363-4FAE-B377-1993A15AE5BD}"
EndProject
Global
	GlobalSection(SolutionConfigurationPlatforms) = preSolution
		Debug|Any CPU = Debug|Any CPU
		Release|Any CPU = Release|Any CPU
	EndGlobalSection
	GlobalSection(ProjectConfigurationPlatforms) = postSolution
		{77C1CFC4-8363-4FAE-B377-1993A15AE5BD}.Debug|Any CPU.ActiveCfg = Debug|Any CPU
		{77C1CFC4-8363-4FAE-B377-1993A15AE5BD}.Debug|Any CPU.Build.0 = Debug|Any CPU
		{77C1CFC4-8363-4FAE-B377-1993A15AE5BD}.Release|Any CPU.ActiveCfg = Release|Any CPU
		{77C1CFC4-8363-4FAE-B377-1993A15AE5BD}.Release|Any CPU.Build.0 = Release|Any CPU
	EndGlobalSection
	GlobalSection(SolutionProperties) = preSolution
		HideSolutionNode = FALSE
	EndGlobalSection
EndGlobal
